
Microsoft Visual Studio Solution File, Format Version 12.00
# Visual Studio Version 16
VisualStudioVersion = 16.0.29509.3
MinimumVisualStudioVersion = 10.0.40219.1
Project("{9A19103F-16F7-4668-BE54-9A1E7A4F7556}") = "TransactionProcessor", "TransactionProcessor\TransactionProcessor.csproj", "{1EBD3402-AF91-4919-A5A1-2E3728918507}"
EndProject
Project("{2150E333-8FDC-42A3-9474-1A3956D46DE8}") = "src", "src", "{749ADE74-A6F0-4469-A638-8FD7E82A8667}"
EndProject
Project("{2150E333-8FDC-42A3-9474-1A3956D46DE8}") = "test", "test", "{71B30DC4-AB27-4D30-8481-B4C326D074CB}"
EndProject
Project("{9A19103F-16F7-4668-BE54-9A1E7A4F7556}") = "TransactionProcessor.DataTransferObjects", "TransactionProcessor.DataTransferObjects\TransactionProcessor.DataTransferObjects.csproj", "{405F1DE4-9BAA-4B5D-8707-C78B2C3E9040}"
EndProject
Project("{9A19103F-16F7-4668-BE54-9A1E7A4F7556}") = "TransactionProcessor.BusinessLogic", "TransactionProcessor.BusinessLogic\TransactionProcessor.BusinessLogic.csproj", "{6CCAAA44-AC4F-40DA-B5D4-F4390DD729C0}"
EndProject
Project("{9A19103F-16F7-4668-BE54-9A1E7A4F7556}") = "TransactionProcessor.Models", "TransactionProcessor.Models\TransactionProcessor.Models.csproj", "{97B646C6-7BF7-4F84-A74A-10E50A70CB91}"
EndProject
Project("{9A19103F-16F7-4668-BE54-9A1E7A4F7556}") = "TransactionProcessor.Tests", "TransactionProcessor.Tests\TransactionProcessor.Tests.csproj", "{99D19D28-C5ED-409B-9A34-DCCBCD8A9532}"
EndProject
Project("{9A19103F-16F7-4668-BE54-9A1E7A4F7556}") = "TransactionProcessor.Testing", "TransactionProcessor.Testing\TransactionProcessor.Testing.csproj", "{7BDDFAA7-0391-4672-94F1-6817E55020FD}"
EndProject
Project("{9A19103F-16F7-4668-BE54-9A1E7A4F7556}") = "TransactionProcessor.BusinessLogic.Tests", "TransactionProcessor.BusinessLogic.Tests\TransactionProcessor.BusinessLogic.Tests.csproj", "{8EAA1681-4095-473B-900B-C09FA823ACD7}"
EndProject
Project("{9A19103F-16F7-4668-BE54-9A1E7A4F7556}") = "TransactionProcessor.TransactionAggregate", "TransactionProcessor.TransactionAgrgegate\TransactionProcessor.TransactionAggregate.csproj", "{BE2AF4BD-AED2-4723-AC25-3051C870CAC2}"
EndProject
Project("{9A19103F-16F7-4668-BE54-9A1E7A4F7556}") = "TransactionProcessor.Transaction.DomainEvents", "TransactionProcessor.Transaction.DomainEvents\TransactionProcessor.Transaction.DomainEvents.csproj", "{AC0E260E-47CC-4DA7-BE62-0714F9266AEA}"
EndProject
Project("{9A19103F-16F7-4668-BE54-9A1E7A4F7556}") = "TransactionProcessor.TransactionAggregate.Tests", "TransactionProcessor.TransactionAggregate.Tests\TransactionProcessor.TransactionAggregate.Tests.csproj", "{69BE1042-5AB9-420B-9A27-E2F1ADFC4E65}"
EndProject
Project("{9A19103F-16F7-4668-BE54-9A1E7A4F7556}") = "TransactionProcessor.IntegrationTests", "TransactionProcessor.IntegrationTests\TransactionProcessor.IntegrationTests.csproj", "{3C40D27B-66B6-4C4A-839C-1E2BD7B4994C}"
EndProject
Project("{9A19103F-16F7-4668-BE54-9A1E7A4F7556}") = "TransactionProcessor.Client", "TransactionProcessor.Client\TransactionProcessor.Client.csproj", "{DAF20F25-8BD1-4FA5-ADAD-71B068CDF393}"
EndProject
Project("{FAE04EC0-301F-11D3-BF4B-00C04F79EFBC}") = "TransactionProcessor.ReconciliationAggregate", "TransactionProcessor.ReconciliationAggregate\TransactionProcessor.ReconciliationAggregate.csproj", "{74CA5F89-A99B-49AE-B690-376900DF488E}"
EndProject
Project("{FAE04EC0-301F-11D3-BF4B-00C04F79EFBC}") = "TransactionProcessor.Reconciliation.DomainEvents", "TransactionProcessor.Reconciliation.DomainEvents\TransactionProcessor.Reconciliation.DomainEvents.csproj", "{E079DF81-BA19-4F71-85D6-AE36463F2B7F}"
EndProject
Project("{FAE04EC0-301F-11D3-BF4B-00C04F79EFBC}") = "TransactionProcessor.ReconciliationAggregate.Tests", "TransactionProcessor.ReconciliationAggregate.Tests\TransactionProcessor.ReconciliationAggregate.Tests.csproj", "{E71A7E6D-B320-40A1-BF86-C2857B472313}"
EndProject
Global
	GlobalSection(SolutionConfigurationPlatforms) = preSolution
		Debug|Any CPU = Debug|Any CPU
		Release|Any CPU = Release|Any CPU
	EndGlobalSection
	GlobalSection(ProjectConfigurationPlatforms) = postSolution
		{1EBD3402-AF91-4919-A5A1-2E3728918507}.Debug|Any CPU.ActiveCfg = Debug|Any CPU
		{1EBD3402-AF91-4919-A5A1-2E3728918507}.Debug|Any CPU.Build.0 = Debug|Any CPU
		{1EBD3402-AF91-4919-A5A1-2E3728918507}.Release|Any CPU.ActiveCfg = Release|Any CPU
		{1EBD3402-AF91-4919-A5A1-2E3728918507}.Release|Any CPU.Build.0 = Release|Any CPU
		{405F1DE4-9BAA-4B5D-8707-C78B2C3E9040}.Debug|Any CPU.ActiveCfg = Debug|Any CPU
		{405F1DE4-9BAA-4B5D-8707-C78B2C3E9040}.Debug|Any CPU.Build.0 = Debug|Any CPU
		{405F1DE4-9BAA-4B5D-8707-C78B2C3E9040}.Release|Any CPU.ActiveCfg = Release|Any CPU
		{405F1DE4-9BAA-4B5D-8707-C78B2C3E9040}.Release|Any CPU.Build.0 = Release|Any CPU
		{6CCAAA44-AC4F-40DA-B5D4-F4390DD729C0}.Debug|Any CPU.ActiveCfg = Debug|Any CPU
		{6CCAAA44-AC4F-40DA-B5D4-F4390DD729C0}.Debug|Any CPU.Build.0 = Debug|Any CPU
		{6CCAAA44-AC4F-40DA-B5D4-F4390DD729C0}.Release|Any CPU.ActiveCfg = Release|Any CPU
		{6CCAAA44-AC4F-40DA-B5D4-F4390DD729C0}.Release|Any CPU.Build.0 = Release|Any CPU
		{97B646C6-7BF7-4F84-A74A-10E50A70CB91}.Debug|Any CPU.ActiveCfg = Debug|Any CPU
		{97B646C6-7BF7-4F84-A74A-10E50A70CB91}.Debug|Any CPU.Build.0 = Debug|Any CPU
		{97B646C6-7BF7-4F84-A74A-10E50A70CB91}.Release|Any CPU.ActiveCfg = Release|Any CPU
		{97B646C6-7BF7-4F84-A74A-10E50A70CB91}.Release|Any CPU.Build.0 = Release|Any CPU
		{99D19D28-C5ED-409B-9A34-DCCBCD8A9532}.Debug|Any CPU.ActiveCfg = Debug|Any CPU
		{99D19D28-C5ED-409B-9A34-DCCBCD8A9532}.Debug|Any CPU.Build.0 = Debug|Any CPU
		{99D19D28-C5ED-409B-9A34-DCCBCD8A9532}.Release|Any CPU.ActiveCfg = Release|Any CPU
		{99D19D28-C5ED-409B-9A34-DCCBCD8A9532}.Release|Any CPU.Build.0 = Release|Any CPU
		{7BDDFAA7-0391-4672-94F1-6817E55020FD}.Debug|Any CPU.ActiveCfg = Debug|Any CPU
		{7BDDFAA7-0391-4672-94F1-6817E55020FD}.Debug|Any CPU.Build.0 = Debug|Any CPU
		{7BDDFAA7-0391-4672-94F1-6817E55020FD}.Release|Any CPU.ActiveCfg = Release|Any CPU
		{7BDDFAA7-0391-4672-94F1-6817E55020FD}.Release|Any CPU.Build.0 = Release|Any CPU
		{8EAA1681-4095-473B-900B-C09FA823ACD7}.Debug|Any CPU.ActiveCfg = Debug|Any CPU
		{8EAA1681-4095-473B-900B-C09FA823ACD7}.Debug|Any CPU.Build.0 = Debug|Any CPU
		{8EAA1681-4095-473B-900B-C09FA823ACD7}.Release|Any CPU.ActiveCfg = Release|Any CPU
		{8EAA1681-4095-473B-900B-C09FA823ACD7}.Release|Any CPU.Build.0 = Release|Any CPU
		{BE2AF4BD-AED2-4723-AC25-3051C870CAC2}.Debug|Any CPU.ActiveCfg = Debug|Any CPU
		{BE2AF4BD-AED2-4723-AC25-3051C870CAC2}.Debug|Any CPU.Build.0 = Debug|Any CPU
		{BE2AF4BD-AED2-4723-AC25-3051C870CAC2}.Release|Any CPU.ActiveCfg = Release|Any CPU
		{BE2AF4BD-AED2-4723-AC25-3051C870CAC2}.Release|Any CPU.Build.0 = Release|Any CPU
		{AC0E260E-47CC-4DA7-BE62-0714F9266AEA}.Debug|Any CPU.ActiveCfg = Debug|Any CPU
		{AC0E260E-47CC-4DA7-BE62-0714F9266AEA}.Debug|Any CPU.Build.0 = Debug|Any CPU
		{AC0E260E-47CC-4DA7-BE62-0714F9266AEA}.Release|Any CPU.ActiveCfg = Release|Any CPU
		{AC0E260E-47CC-4DA7-BE62-0714F9266AEA}.Release|Any CPU.Build.0 = Release|Any CPU
		{69BE1042-5AB9-420B-9A27-E2F1ADFC4E65}.Debug|Any CPU.ActiveCfg = Debug|Any CPU
		{69BE1042-5AB9-420B-9A27-E2F1ADFC4E65}.Debug|Any CPU.Build.0 = Debug|Any CPU
		{69BE1042-5AB9-420B-9A27-E2F1ADFC4E65}.Release|Any CPU.ActiveCfg = Release|Any CPU
		{69BE1042-5AB9-420B-9A27-E2F1ADFC4E65}.Release|Any CPU.Build.0 = Release|Any CPU
		{3C40D27B-66B6-4C4A-839C-1E2BD7B4994C}.Debug|Any CPU.ActiveCfg = Debug|Any CPU
		{3C40D27B-66B6-4C4A-839C-1E2BD7B4994C}.Debug|Any CPU.Build.0 = Debug|Any CPU
		{3C40D27B-66B6-4C4A-839C-1E2BD7B4994C}.Release|Any CPU.ActiveCfg = Release|Any CPU
		{3C40D27B-66B6-4C4A-839C-1E2BD7B4994C}.Release|Any CPU.Build.0 = Release|Any CPU
		{DAF20F25-8BD1-4FA5-ADAD-71B068CDF393}.Debug|Any CPU.ActiveCfg = Debug|Any CPU
		{DAF20F25-8BD1-4FA5-ADAD-71B068CDF393}.Debug|Any CPU.Build.0 = Debug|Any CPU
		{DAF20F25-8BD1-4FA5-ADAD-71B068CDF393}.Release|Any CPU.ActiveCfg = Release|Any CPU
		{DAF20F25-8BD1-4FA5-ADAD-71B068CDF393}.Release|Any CPU.Build.0 = Release|Any CPU
		{74CA5F89-A99B-49AE-B690-376900DF488E}.Debug|Any CPU.ActiveCfg = Debug|Any CPU
		{74CA5F89-A99B-49AE-B690-376900DF488E}.Debug|Any CPU.Build.0 = Debug|Any CPU
		{74CA5F89-A99B-49AE-B690-376900DF488E}.Release|Any CPU.ActiveCfg = Release|Any CPU
		{74CA5F89-A99B-49AE-B690-376900DF488E}.Release|Any CPU.Build.0 = Release|Any CPU
		{E079DF81-BA19-4F71-85D6-AE36463F2B7F}.Debug|Any CPU.ActiveCfg = Debug|Any CPU
		{E079DF81-BA19-4F71-85D6-AE36463F2B7F}.Debug|Any CPU.Build.0 = Debug|Any CPU
		{E079DF81-BA19-4F71-85D6-AE36463F2B7F}.Release|Any CPU.ActiveCfg = Release|Any CPU
		{E079DF81-BA19-4F71-85D6-AE36463F2B7F}.Release|Any CPU.Build.0 = Release|Any CPU
		{E71A7E6D-B320-40A1-BF86-C2857B472313}.Debug|Any CPU.ActiveCfg = Debug|Any CPU
		{E71A7E6D-B320-40A1-BF86-C2857B472313}.Debug|Any CPU.Build.0 = Debug|Any CPU
		{E71A7E6D-B320-40A1-BF86-C2857B472313}.Release|Any CPU.ActiveCfg = Release|Any CPU
		{E71A7E6D-B320-40A1-BF86-C2857B472313}.Release|Any CPU.Build.0 = Release|Any CPU
	EndGlobalSection
	GlobalSection(SolutionProperties) = preSolution
		HideSolutionNode = FALSE
	EndGlobalSection
	GlobalSection(NestedProjects) = preSolution
		{1EBD3402-AF91-4919-A5A1-2E3728918507} = {749ADE74-A6F0-4469-A638-8FD7E82A8667}
		{405F1DE4-9BAA-4B5D-8707-C78B2C3E9040} = {749ADE74-A6F0-4469-A638-8FD7E82A8667}
		{6CCAAA44-AC4F-40DA-B5D4-F4390DD729C0} = {749ADE74-A6F0-4469-A638-8FD7E82A8667}
		{97B646C6-7BF7-4F84-A74A-10E50A70CB91} = {749ADE74-A6F0-4469-A638-8FD7E82A8667}
		{99D19D28-C5ED-409B-9A34-DCCBCD8A9532} = {71B30DC4-AB27-4D30-8481-B4C326D074CB}
		{7BDDFAA7-0391-4672-94F1-6817E55020FD} = {71B30DC4-AB27-4D30-8481-B4C326D074CB}
		{8EAA1681-4095-473B-900B-C09FA823ACD7} = {71B30DC4-AB27-4D30-8481-B4C326D074CB}
		{BE2AF4BD-AED2-4723-AC25-3051C870CAC2} = {749ADE74-A6F0-4469-A638-8FD7E82A8667}
		{AC0E260E-47CC-4DA7-BE62-0714F9266AEA} = {749ADE74-A6F0-4469-A638-8FD7E82A8667}
		{69BE1042-5AB9-420B-9A27-E2F1ADFC4E65} = {71B30DC4-AB27-4D30-8481-B4C326D074CB}
		{3C40D27B-66B6-4C4A-839C-1E2BD7B4994C} = {71B30DC4-AB27-4D30-8481-B4C326D074CB}
		{DAF20F25-8BD1-4FA5-ADAD-71B068CDF393} = {749ADE74-A6F0-4469-A638-8FD7E82A8667}
		{74CA5F89-A99B-49AE-B690-376900DF488E} = {749ADE74-A6F0-4469-A638-8FD7E82A8667}
		{E079DF81-BA19-4F71-85D6-AE36463F2B7F} = {749ADE74-A6F0-4469-A638-8FD7E82A8667}
		{E71A7E6D-B320-40A1-BF86-C2857B472313} = {71B30DC4-AB27-4D30-8481-B4C326D074CB}
	EndGlobalSection
	GlobalSection(ExtensibilityGlobals) = postSolution
		SolutionGuid = {193D13DE-424B-4D50-B674-01F9E4CC2CA9}
	EndGlobalSection
EndGlobal
